
Microsoft Visual Studio Solution File, Format Version 12.00
# Visual Studio Version 16
VisualStudioVersion = 16.0.30717.126
MinimumVisualStudioVersion = 10.0.40219.1
Project("{9A19103F-16F7-4668-BE54-9A1E7A4F7556}") = "Demo1LambaExpressies", "DemoLambaExpressies\Demo1LambaExpressies.csproj", "{E4EE0743-C4E7-4D07-A4E5-8C56D3296A04}"
EndProject
Project("{FAE04EC0-301F-11D3-BF4B-00C04F79EFBC}") = "Demo2LamdaExpressies", "Demo2LamdaExpressies\Demo2LamdaExpressies.csproj", "{B67DC4D4-25F7-4090-B97B-62231AC71817}"
EndProject
Project("{FAE04EC0-301F-11D3-BF4B-00C04F79EFBC}") = "Demo3LambaExpressies", "Demo3LambaExpressies\Demo3LambaExpressies.csproj", "{420A4C48-1440-41D5-BFC8-8A53CE98A412}"
EndProject
Global
	GlobalSection(SolutionConfigurationPlatforms) = preSolution
		Debug|Any CPU = Debug|Any CPU
		Release|Any CPU = Release|Any CPU
	EndGlobalSection
	GlobalSection(ProjectConfigurationPlatforms) = postSolution
		{E4EE0743-C4E7-4D07-A4E5-8C56D3296A04}.Debug|Any CPU.ActiveCfg = Debug|Any CPU
		{E4EE0743-C4E7-4D07-A4E5-8C56D3296A04}.Debug|Any CPU.Build.0 = Debug|Any CPU
		{E4EE0743-C4E7-4D07-A4E5-8C56D3296A04}.Release|Any CPU.ActiveCfg = Release|Any CPU
		{E4EE0743-C4E7-4D07-A4E5-8C56D3296A04}.Release|Any CPU.Build.0 = Release|Any CPU
		{B67DC4D4-25F7-4090-B97B-62231AC71817}.Debug|Any CPU.ActiveCfg = Debug|Any CPU
		{B67DC4D4-25F7-4090-B97B-62231AC71817}.Debug|Any CPU.Build.0 = Debug|Any CPU
		{B67DC4D4-25F7-4090-B97B-62231AC71817}.Release|Any CPU.ActiveCfg = Release|Any CPU
		{B67DC4D4-25F7-4090-B97B-62231AC71817}.Release|Any CPU.Build.0 = Release|Any CPU
		{420A4C48-1440-41D5-BFC8-8A53CE98A412}.Debug|Any CPU.ActiveCfg = Debug|Any CPU
		{420A4C48-1440-41D5-BFC8-8A53CE98A412}.Debug|Any CPU.Build.0 = Debug|Any CPU
		{420A4C48-1440-41D5-BFC8-8A53CE98A412}.Release|Any CPU.ActiveCfg = Release|Any CPU
		{420A4C48-1440-41D5-BFC8-8A53CE98A412}.Release|Any CPU.Build.0 = Release|Any CPU
	EndGlobalSection
	GlobalSection(SolutionProperties) = preSolution
		HideSolutionNode = FALSE
	EndGlobalSection
	GlobalSection(ExtensibilityGlobals) = postSolution
		SolutionGuid = {60432A77-4D30-4A9B-AB11-A54F17261E42}
	EndGlobalSection
EndGlobal
